
Microsoft Visual Studio Solution File, Format Version 12.00
# Visual Studio Version 17
VisualStudioVersion = 17.11.35312.102
MinimumVisualStudioVersion = 10.0.40219.1
Project("{9A19103F-16F7-4668-BE54-9A1E7A4F7556}") = "BlazorApp3", "BlazorApp3\BlazorApp3.csproj", "{872256F9-9F63-4480-8B3A-72C1788C89CA}"
EndProject
Project("{9A19103F-16F7-4668-BE54-9A1E7A4F7556}") = "SetupOwnMenubar", "SetupOwnMenubar\SetupOwnMenubar.csproj", "{5496E181-C4B2-4D96-A651-40EBF7748D72}"
EndProject
Project("{FAE04EC0-301F-11D3-BF4B-00C04F79EFBC}") = "SetupOwnMenubarBootstrap", "SetupOwnMenubarBootstrap\SetupOwnMenubarBootstrap.csproj", "{EF96371D-D0FF-47C1-8446-ACF871D1AF2D}"
EndProject
Project("{FAE04EC0-301F-11D3-BF4B-00C04F79EFBC}") = "BlazorWebAppUsingRadzen", "BlazorWebAppUsingRadzen\BlazorWebAppUsingRadzen.csproj", "{91B8E176-2E1C-4145-962F-DC7F8BC63661}"
EndProject
Global
	GlobalSection(SolutionConfigurationPlatforms) = preSolution
		Debug|Any CPU = Debug|Any CPU
		Release|Any CPU = Release|Any CPU
	EndGlobalSection
	GlobalSection(ProjectConfigurationPlatforms) = postSolution
		{872256F9-9F63-4480-8B3A-72C1788C89CA}.Debug|Any CPU.ActiveCfg = Debug|Any CPU
		{872256F9-9F63-4480-8B3A-72C1788C89CA}.Debug|Any CPU.Build.0 = Debug|Any CPU
		{872256F9-9F63-4480-8B3A-72C1788C89CA}.Release|Any CPU.ActiveCfg = Release|Any CPU
		{872256F9-9F63-4480-8B3A-72C1788C89CA}.Release|Any CPU.Build.0 = Release|Any CPU
		{5496E181-C4B2-4D96-A651-40EBF7748D72}.Debug|Any CPU.ActiveCfg = Debug|Any CPU
		{5496E181-C4B2-4D96-A651-40EBF7748D72}.Debug|Any CPU.Build.0 = Debug|Any CPU
		{5496E181-C4B2-4D96-A651-40EBF7748D72}.Release|Any CPU.ActiveCfg = Release|Any CPU
		{5496E181-C4B2-4D96-A651-40EBF7748D72}.Release|Any CPU.Build.0 = Release|Any CPU
		{EF96371D-D0FF-47C1-8446-ACF871D1AF2D}.Debug|Any CPU.ActiveCfg = Debug|Any CPU
		{EF96371D-D0FF-47C1-8446-ACF871D1AF2D}.Debug|Any CPU.Build.0 = Debug|Any CPU
		{EF96371D-D0FF-47C1-8446-ACF871D1AF2D}.Release|Any CPU.ActiveCfg = Release|Any CPU
		{EF96371D-D0FF-47C1-8446-ACF871D1AF2D}.Release|Any CPU.Build.0 = Release|Any CPU
		{91B8E176-2E1C-4145-962F-DC7F8BC63661}.Debug|Any CPU.ActiveCfg = Debug|Any CPU
		{91B8E176-2E1C-4145-962F-DC7F8BC63661}.Debug|Any CPU.Build.0 = Debug|Any CPU
		{91B8E176-2E1C-4145-962F-DC7F8BC63661}.Release|Any CPU.ActiveCfg = Release|Any CPU
		{91B8E176-2E1C-4145-962F-DC7F8BC63661}.Release|Any CPU.Build.0 = Release|Any CPU
	EndGlobalSection
	GlobalSection(SolutionProperties) = preSolution
		HideSolutionNode = FALSE
	EndGlobalSection
	GlobalSection(ExtensibilityGlobals) = postSolution
		SolutionGuid = {E9B65AC8-9398-4D11-8677-DD23909D87F6}
	EndGlobalSection
EndGlobal
